
Microsoft Visual Studio Solution File, Format Version 12.00
# Visual Studio Version 17
VisualStudioVersion = 17.4.33122.133
MinimumVisualStudioVersion = 10.0.40219.1
Project("{8BC9CEB8-8B4A-11D0-8D11-00A0C91BC942}") = "Academy", "Academy\Academy.vcxproj", "{0FBC6CBB-4908-4CBA-9B70-FFB3F3E5E700}"
EndProject
Global
	GlobalSection(SolutionConfigurationPlatforms) = preSolution
		Debug|x64 = Debug|x64
		Debug|x86 = Debug|x86
		Release|x64 = Release|x64
		Release|x86 = Release|x86
	EndGlobalSection
	GlobalSection(ProjectConfigurationPlatforms) = postSolution
		{0FBC6CBB-4908-4CBA-9B70-FFB3F3E5E700}.Debug|x64.ActiveCfg = Debug|x64
		{0FBC6CBB-4908-4CBA-9B70-FFB3F3E5E700}.Debug|x64.Build.0 = Debug|x64
		{0FBC6CBB-4908-4CBA-9B70-FFB3F3E5E700}.Debug|x86.ActiveCfg = Debug|Win32
		{0FBC6CBB-4908-4CBA-9B70-FFB3F3E5E700}.Debug|x86.Build.0 = Debug|Win32
		{0FBC6CBB-4908-4CBA-9B70-FFB3F3E5E700}.Release|x64.ActiveCfg = Release|x64
		{0FBC6CBB-4908-4CBA-9B70-FFB3F3E5E700}.Release|x64.Build.0 = Release|x64
		{0FBC6CBB-4908-4CBA-9B70-FFB3F3E5E700}.Release|x86.ActiveCfg = Release|Win32
		{0FBC6CBB-4908-4CBA-9B70-FFB3F3E5E700}.Release|x86.Build.0 = Release|Win32
	EndGlobalSection
	GlobalSection(SolutionProperties) = preSolution
		HideSolutionNode = FALSE
	EndGlobalSection
	GlobalSection(ExtensibilityGlobals) = postSolution
		SolutionGuid = {55D84484-C9CD-4FB1-AC29-54645137443F}
	EndGlobalSection
EndGlobal
